PODS:
  - ARCL (1.0.1)
  - ChameleonFramework/Default (2.1.0)
  - ChameleonFramework/Swift (2.1.0):
    - ChameleonFramework/Default
  - ESTabBarController-swift (2.5)
  - TimelineTableViewCell (1.0.1)

DEPENDENCIES:
  - ARCL (from `/Users/leonmak/Desktop/ARKit-practice/ARKit-CoreLocation`)
  - ChameleonFramework/Swift (from `https://github.com/ViccAlexander/Chameleon.git`)
  - ESTabBarController-swift
  - TimelineTableViewCell

EXTERNAL SOURCES:
  ARCL:
    :path: /Users/leonmak/Desktop/ARKit-practice/ARKit-CoreLocation
  ChameleonFramework:
    :git: https://github.com/ViccAlexander/Chameleon.git

CHECKOUT OPTIONS:
  ChameleonFramework:
    :commit: 6dd284bde21ea2e7f9fd89bc36f40df16e16369d
    :git: https://github.com/ViccAlexander/Chameleon.git

SPEC CHECKSUMS:
  ARCL: 9d0035b0fa3f2c41936334d50a49b563c2671000
  ChameleonFramework: d21a3cc247abfe5e37609a283a8238b03575cf64
  ESTabBarController-swift: 8daa432f2a9be8ebd25101dc46c84472fd760512
  TimelineTableViewCell: 8e46d96b32caf5a3ca9f9d7d5b8c94e9de30b92a

PODFILE CHECKSUM: 86e71fcfe933b4fff406d07e27215205f6e2a4b2

COCOAPODS: 1.3.1
